{
  "name": "parley",
  "version": "1.0.0",
  "lockfileVersion": 2,
  "requires": true,
  "packages": {
    "": {
      "name": "parley",
      "version": "1.0.0",
      "license": "ISC",
      "dependencies": {
        "@rails/actioncable": "^7.0.4",
        "actioncable": "^5.2.8-1",
        "prettier": "^2.7.1"
      },
      "engines": {
        "node": "16.14.0"
      }
    },
    "node_modules/@rails/actioncable": {
      "version": "7.0.4",
      "resolved": "https://registry.npmjs.org/@rails/actioncable/-/actioncable-7.0.4.tgz",
      "integrity": "sha512-tz4oM+Zn9CYsvtyicsa/AwzKZKL+ITHWkhiu7x+xF77clh2b4Rm+s6xnOgY/sGDWoFWZmtKsE95hxBPkgQQNnQ=="
    },
    "node_modules/actioncable": {
      "version": "5.2.8-1",
      "resolved": "https://registry.npmjs.org/actioncable/-/actioncable-5.2.8-1.tgz",
      "integrity": "sha512-p/a9jeFs3KB3SWZ9w/T5HLyztooYSufOG++Uhau9YzprdBNyjFfsqrtN1roVVEzNDBGZJVr/2SSWwofvavPL1w=="
    },
    "node_modules/prettier": {
      "version": "2.7.1",
      "resolved": "https://registry.npmjs.org/prettier/-/prettier-2.7.1.tgz",
      "integrity": "sha512-ujppO+MkdPqoVINuDFDRLClm7D78qbDt0/NR+wp5FqEZOoTNAjPHWj17QRhu7geIHJfcNhRk1XVQmF8Bp3ye+g==",
      "bin": {
        "prettier": "bin-prettier.js"
      },
      "engines": {
        "node": ">=10.13.0"
      },
      "funding": {
        "url": "https://github.com/prettier/prettier?sponsor=1"
      }
    }
  },
  "dependencies": {
    "@rails/actioncable": {
      "version": "7.0.4",
      "resolved": "https://registry.npmjs.org/@rails/actioncable/-/actioncable-7.0.4.tgz",
      "integrity": "sha512-tz4oM+Zn9CYsvtyicsa/AwzKZKL+ITHWkhiu7x+xF77clh2b4Rm+s6xnOgY/sGDWoFWZmtKsE95hxBPkgQQNnQ=="
    },
    "actioncable": {
      "version": "5.2.8-1",
      "resolved": "https://registry.npmjs.org/actioncable/-/actioncable-5.2.8-1.tgz",
      "integrity": "sha512-p/a9jeFs3KB3SWZ9w/T5HLyztooYSufOG++Uhau9YzprdBNyjFfsqrtN1roVVEzNDBGZJVr/2SSWwofvavPL1w=="
    },
    "prettier": {
      "version": "2.7.1",
      "resolved": "https://registry.npmjs.org/prettier/-/prettier-2.7.1.tgz",
      "integrity": "sha512-ujppO+MkdPqoVINuDFDRLClm7D78qbDt0/NR+wp5FqEZOoTNAjPHWj17QRhu7geIHJfcNhRk1XVQmF8Bp3ye+g=="
    }
  }
}
